// !$*UTF8*$!
{
	archiveVersion = 1;
	classes = {
	};
	objectVersion = 46;
	objects = {

/* Begin PBXBuildFile section */
		BA5EE0B41DE7B75700AEF2FA /* AppDelegate.swift in Sources */ = {isa = PBXBuildFile; fileRef = BA5EE0B31DE7B75700AEF2FA /* AppDelegate.swift */; };
		BA5EE0B61DE7B75700AEF2FA /* ViewController.swift in Sources */ = {isa = PBXBuildFile; fileRef = BA5EE0B51DE7B75700AEF2FA /* ViewController.swift */; };
		BA5EE0B91DE7B75700AEF2FA /* Main.storyboard in Resources */ = {isa = PBXBuildFile; fileRef = BA5EE0B71DE7B75700AEF2FA /* Main.storyboard */; };
		BA5EE0BB1DE7B75700AEF2FA /* Assets.xcassets in Resources */ = {isa = PBXBuildFile; fileRef = BA5EE0BA1DE7B75700AEF2FA /* Assets.xcassets */; };
		BA5EE0BE1DE7B75700AEF2FA /* LaunchScreen.storyboard in Resources */ = {isa = PBXBuildFile; fileRef = BA5EE0BC1DE7B75700AEF2FA /* LaunchScreen.storyboard */; };
/* End PBXBuildFile section */

/* Begin PBXFileReference section */
		BA5EE0B01DE7B75700AEF2FA /* WhatsMyNumber.app */ = {isa = PBXFileReference; explicitFileType = wrapper.application; includeInIndex = 0; path = WhatsMyNumber.app; sourceTree = BUILT_PRODUCTS_DIR; };
		BA5EE0B31DE7B75700AEF2FA /* AppDelegate.swift */ = {isa = PBXFileReference; lastKnownFileType = sourcecode.swift; path = AppDelegate.swift; sourceTree = "<group>"; };
		BA5EE0B51DE7B75700AEF2FA /* ViewController.swift */ = {isa = PBXFileReference; lastKnownFileType = sourcecode.swift; path = ViewController.swift; sourceTree = "<group>"; };
		BA5EE0B81DE7B75700AEF2FA /* Base */ = {isa = PBXFileReference; lastKnownFileType = file.storyboard; name = Base; path = Base.lproj/Main.storyboard; sourceTree = "<group>"; };
		BA5EE0BA1DE7B75700AEF2FA /* Assets.xcassets */ = {isa = PBXFileReference; lastKnownFileType = folder.assetcatalog; path = Assets.xcassets; sourceTree = "<group>"; };
		BA5EE0BD1DE7B75700AEF2FA /* Base */ = {isa = PBXFileReference; lastKnownFileType = file.storyboard; name = Base; path = Base.lproj/LaunchScreen.storyboard; sourceTree = "<group>"; };
		BA5EE0BF1DE7B75700AEF2FA /* Info.plist */ = {isa = PBXFileReference; lastKnownFileType = text.plist.xml; path = Info.plist; sourceTree = "<group>"; };
/* End PBXFileReference section */

/* Begin PBXFrameworksBuildPhase section */
		BA5EE0AD1DE7B75700AEF2FA /* Frameworks */ = {
			isa = PBXFrameworksBuildPhase;
			buildActionMask = 2147483647;
			files = (
			);
			runOnlyForDeploymentPostprocessing = 0;
		};
/* End PBXFrameworksBuildPhase section */

/* Begin PBXGroup section */
		BA5EE0A71DE7B75700AEF2FA = {
			isa = PBXGroup;
			children = (
				BA5EE0B21DE7B75700AEF2FA /* WhatsMyNumber */,
				BA5EE0B11DE7B75700AEF2FA /* Products */,
			);
			sourceTree = "<group>";
		};
		BA5EE0B11DE7B75700AEF2FA /* Products */ = {
			isa = PBXGroup;
			children = (
				BA5EE0B01DE7B75700AEF2FA /* WhatsMyNumber.app */,
			);
			name = Products;
			sourceTree = "<group>";
		};
		BA5EE0B21DE7B75700AEF2FA /* WhatsMyNumber */ = {
			isa = PBXGroup;
			children = (
				BA5EE0B31DE7B75700AEF2FA /* AppDelegate.swift */,
				BA5EE0B51DE7B75700AEF2FA /* ViewController.swift */,
				BA5EE0B71DE7B75700AEF2FA /* Main.storyboard */,
				BA5EE0BA1DE7B75700AEF2FA /* Assets.xcassets */,
				BA5EE0BC1DE7B75700AEF2FA /* LaunchScreen.storyboard */,
				BA5EE0BF1DE7B75700AEF2FA /* Info.plist */,
			);
			path = WhatsMyNumber;
			sourceTree = "<group>";
		};
/* End PBXGroup section */

/* Begin PBXNativeTarget section */
		BA5EE0AF1DE7B75700AEF2FA /* WhatsMyNumber */ = {
			isa = PBXNativeTarget;
			buildConfigurationList = BA5EE0C21DE7B75700AEF2FA /* Build configuration list for PBXNativeTarget "WhatsMyNumber" */;
			buildPhases = (
				BA5EE0AC1DE7B75700AEF2FA /* Sources */,
				BA5EE0AD1DE7B75700AEF2FA /* Frameworks */,
				BA5EE0AE1DE7B75700AEF2FA /* Resources */,
			);
			buildRules = (
			);
			dependencies = (
			);
			name = WhatsMyNumber;
			productName = WhatsMyNumber;
			productReference = BA5EE0B01DE7B75700AEF2FA /* WhatsMyNumber.app */;
			productType = "com.apple.product-type.application";
		};
/* End PBXNativeTarget section */

/* Begin PBXProject section */
		BA5EE0A81DE7B75700AEF2FA /* Project object */ = {
			isa = PBXProject;
			attributes = {
				LastSwiftUpdateCheck = 0810;
				LastUpgradeCheck = 0810;
				ORGANIZATIONNAME = kalikans;
				TargetAttributes = {
					BA5EE0AF1DE7B75700AEF2FA = {
						CreatedOnToolsVersion = 8.1;
						ProvisioningStyle = Automatic;
					};
				};
			};
			buildConfigurationList = BA5EE0AB1DE7B75700AEF2FA /* Build configuration list for PBXProject "WhatsMyNumber" */;
			compatibilityVersion = "Xcode 3.2";
			developmentRegion = English;
			hasScannedForEncodings = 0;
			knownRegions = (
				en,
				Base,
			);
			mainGroup = BA5EE0A71DE7B75700AEF2FA;
			productRefGroup = BA5EE0B11DE7B75700AEF2FA /* Products */;
			projectDirPath = "";
			projectRoot = "";
			targets = (
				BA5EE0AF1DE7B75700AEF2FA /* WhatsMyNumber */,
			);
		};
/* End PBXProject section */

/* Begin PBXResourcesBuildPhase section */
		BA5EE0AE1DE7B75700AEF2FA /* Resources */ = {
			isa = PBXResourcesBuildPhase;
			buildActionMask = 2147483647;
			files = (
				BA5EE0BE1DE7B75700AEF2FA /* LaunchScreen.storyboard in Resources */,
				BA5EE0BB1DE7B75700AEF2FA /* Assets.xcassets in Resources */,
				BA5EE0B91DE7B75700AEF2FA /* Main.storyboard in Resources */,
			);
			runOnlyForDeploymentPostprocessing = 0;
		};
/* End PBXResourcesBuildPhase section */

/* Begin PBXSourcesBuildPhase section */
		BA5EE0AC1DE7B75700AEF2FA /* Sources */ = {
			isa = PBXSourcesBuildPhase;
			buildActionMask = 2147483647;
			files = (
				BA5EE0B61DE7B75700AEF2FA /* ViewController.swift in Sources */,
				BA5EE0B41DE7B75700AEF2FA /* AppDelegate.swift in Sources */,
			);
			runOnlyForDeploymentPostprocessing = 0;
		};
/* End PBXSourcesBuildPhase section */

/* Begin PBXVariantGroup section */
		BA5EE0B71DE7B75700AEF2FA /* Main.storyboard */ = {
			isa = PBXVariantGroup;
			children = (
				BA5EE0B81DE7B75700AEF2FA /* Base */,
			);
			name = Main.storyboard;
			sourceTree = "<group>";
		};
		BA5EE0BC1DE7B75700AEF2FA /* LaunchScreen.storyboard */ = {
			isa = PBXVariantGroup;
			children = (
				BA5EE0BD1DE7B75700AEF2FA /* Base */,
			);
			name = LaunchScreen.storyboard;
			sourceTree = "<group>";
		};
/* End PBXVariantGroup section */

/* Begin XCBuildConfiguration section */
		BA5EE0C01DE7B75700AEF2FA /* Debug */ = {
			isa = XCBuildConfiguration;
			buildSettings = {
				ALWAYS_SEARCH_USER_PATHS = NO;
				CLANG_ANALYZER_NONNULL = YES;
				CLANG_CXX_LANGUAGE_STANDARD = "gnu++0x";
				CLANG_CXX_LIBRARY = "libc++";
				CLANG_ENABLE_MODULES = YES;
				CLANG_ENABLE_OBJC_ARC = YES;
				CLANG_WARN_BOOL_CONVERSION = YES;
				CLANG_WARN_CONSTANT_CONVERSION = YES;
				CLANG_WARN_DIRECT_OBJC_ISA_USAGE = YES_ERROR;
				CLANG_WARN_DOCUMENTATION_COMMENTS = YES;
				CLANG_WARN_EMPTY_BODY = YES;
				CLANG_WARN_ENUM_CONVERSION = YES;
				CLANG_WARN_INFINITE_RECURSION = YES;
				CLANG_WARN_INT_CONVERSION = YES;
				CLANG_WARN_OBJC_ROOT_CLASS = YES_ERROR;
				CLANG_WARN_SUSPICIOUS_MOVES = YES;
				CLANG_WARN_UNREACHABLE_CODE = YES;
				CLANG_WARN__DUPLICATE_METHOD_MATCH = YES;
				"CODE_SIGN_IDENTITY[sdk=iphoneos*]" = "iPhone Developer";
				COPY_PHASE_STRIP = NO;
				DEBUG_INFORMATION_FORMAT = dwarf;
				ENABLE_STRICT_OBJC_MSGSEND = YES;
				ENABLE_TESTABILITY = YES;
				GCC_C_LANGUAGE_STANDARD = gnu99;
				GCC_DYNAMIC_NO_PIC = NO;
				GCC_NO_COMMON_BLOCKS = YES;
				GCC_OPTIMIZATION_LEVEL = 0;
				GCC_PREPROCESSOR_DEFINITIONS = (
					"DEBUG=1",
					"$(inherited)",
				);
				GCC_WARN_64_TO_32_BIT_CONVERSION = YES;
				GCC_WARN_ABOUT_RETURN_TYPE = YES_ERROR;
				GCC_WARN_UNDECLARED_SELECTOR = YES;
				GCC_WARN_UNINITIALIZED_AUTOS = YES_AGGRESSIVE;
				GCC_WARN_UNUSED_FUNCTION = YES;
				GCC_WARN_UNUSED_VARIABLE = YES;
				IPHONEOS_DEPLOYMENT_TARGET = 10.1;
				MTL_ENABLE_DEBUG_INFO = YES;
				ONLY_ACTIVE_ARCH = YES;
				SDKROOT = iphoneos;
				SWIFT_ACTIVE_COMPILATION_CONDITIONS = DEBUG;
				SWIFT_OPTIMIZATION_LEVEL = "-Onone";
				TARGETED_DEVICE_FAMILY = "1,2";
			};
			name = Debug;
		};
		BA5EE0C11DE7B75700AEF2FA /* Release */ = {
			isa = XCBuildConfiguration;
			buildSettings = {
				ALWAYS_SEARCH_USER_PATHS = NO;
				CLANG_ANALYZER_NONNULL = YES;
				CLANG_CXX_LANGUAGE_STANDARD = "gnu++0x";
				CLANG_CXX_LIBRARY = "libc++";
				CLANG_ENABLE_MODULES = YES;
				CLANG_ENABLE_OBJC_ARC = YES;
				CLANG_WARN_BOOL_CONVERSION = YES;
				CLANG_WARN_CONSTANT_CONVERSION = YES;
				CLANG_WARN_DIRECT_OBJC_ISA_USAGE = YES_ERROR;
				CLANG_WARN_DOCUMENTATION_COMMENTS = YES;
				CLANG_WARN_EMPTY_BODY = YES;
				CLANG_WARN_ENUM_CONVERSION = YES;
				CLANG_WARN_INFINITE_RECURSION = YES;
				CLANG_WARN_INT_CONVERSION = YES;
				CLANG_WARN_OBJC_ROOT_CLASS = YES_ERROR;
				CLANG_WARN_SUSPICIOUS_MOVES = YES;
				CLANG_WARN_UNREACHABLE_CODE = YES;
				CLANG_WARN__DUPLICATE_METHOD_MATCH = YES;
				"CODE_SIGN_IDENTITY[sdk=iphoneos*]" = "iPhone Developer";
				COPY_PHASE_STRIP = NO;
				DEBUG_INFORMATION_FORMAT = "dwarf-with-dsym";
				ENABLE_NS_ASSERTIONS = NO;
				ENABLE_STRICT_OBJC_MSGSEND = YES;
				GCC_C_LANGUAGE_STANDARD = gnu99;
				GCC_NO_COMMON_BLOCKS = YES;
				GCC_WARN_64_TO_32_BIT_CONVERSION = YES;
				GCC_WARN_ABOUT_RETURN_TYPE = YES_ERROR;
				GCC_WARN_UNDECLARED_SELECTOR = YES;
				GCC_WARN_UNINITIALIZED_AUTOS = YES_AGGRESSIVE;
				GCC_WARN_UNUSED_FUNCTION = YES;
				GCC_WARN_UNUSED_VARIABLE = YES;
				IPHONEOS_DEPLOYMENT_TARGET = 10.1;
				MTL_ENABLE_DEBUG_INFO = NO;
				SDKROOT = iphoneos;
				SWIFT_OPTIMIZATION_LEVEL = "-Owholemodule";
				TARGETED_DEVICE_FAMILY = "1,2";
				VALIDATE_PRODUCT = YES;
			};
			name = Release;
		};
		BA5EE0C31DE7B75700AEF2FA /* Debug */ = {
			isa = XCBuildConfiguration;
			buildSettings = {
				ASSETCATALOG_COMPILER_APPICON_NAME = AppIcon;
				INFOPLIST_FILE = WhatsMyNumber/Info.plist;
				LD_RUNPATH_SEARCH_PATHS = "$(inherited) @executable_path/Frameworks";
				PRODUCT_BUNDLE_IDENTIFIER = com.kalikans.WhatsMyNumber;
				PRODUCT_NAME = "$(TARGET_NAME)";
				SWIFT_VERSION = 3.0;
			};
			name = Debug;
		};
		BA5EE0C41DE7B75700AEF2FA /* Release */ = {
			isa = XCBuildConfiguration;
			buildSettings = {
				ASSETCATALOG_COMPILER_APPICON_NAME = AppIcon;
				INFOPLIST_FILE = WhatsMyNumber/Info.plist;
				LD_RUNPATH_SEARCH_PATHS = "$(inherited) @executable_path/Frameworks";
				PRODUCT_BUNDLE_IDENTIFIER = com.kalikans.WhatsMyNumber;
				PRODUCT_NAME = "$(TARGET_NAME)";
				SWIFT_VERSION = 3.0;
			};
			name = Release;
		};
/* End XCBuildConfiguration section */

/* Begin XCConfigurationList section */
		BA5EE0AB1DE7B75700AEF2FA /* Build configuration list for PBXProject "WhatsMyNumber" */ = {
			isa = XCConfigurationList;
			buildConfigurations = (
				BA5EE0C01DE7B75700AEF2FA /* Debug */,
				BA5EE0C11DE7B75700AEF2FA /* Release */,
			);
			defaultConfigurationIsVisible = 0;
			defaultConfigurationName = Release;
		};
		BA5EE0C21DE7B75700AEF2FA /* Build configuration list for PBXNativeTarget "WhatsMyNumber" */ = {
			isa = XCConfigurationList;
			buildConfigurations = (
				BA5EE0C31DE7B75700AEF2FA /* Debug */,
				BA5EE0C41DE7B75700AEF2FA /* Release */,
			);
			defaultConfigurationIsVisible = 0;
		};
/* End XCConfigurationList section */
	};
	rootObject = BA5EE0A81DE7B75700AEF2FA /* Project object */;
}
